// !$*UTF8*$!
{
	archiveVersion = 1;
	classes = {
	};
	objectVersion = 46;
	objects = {

/* Begin PBXBuildFile section */
		5BB670CD15D3714A006C9185 /* UIKit.framework in Frameworks */ = {isa = PBXBuildFile; fileRef = 5BB670CC15D3714A006C9185 /* UIKit.framework */; };
		5BB670CF15D3714A006C9185 /* Foundation.framework in Frameworks */ = {isa = PBXBuildFile; fileRef = 5BB670CE15D3714A006C9185 /* Foundation.framework */; };
		5BB670D115D3714A006C9185 /* CoreGraphics.framework in Frameworks */ = {isa = PBXBuildFile; fileRef = 5BB670D015D3714A006C9185 /* CoreGraphics.framework */; };
		5BB670D715D3714A006C9185 /* InfoPlist.strings in Resources */ = {isa = PBXBuildFile; fileRef = 5BB670D515D3714A006C9185 /* InfoPlist.strings */; };
		5BB670D915D3714A006C9185 /* main.m in Sources */ = {isa = PBXBuildFile; fileRef = 5BB670D815D3714A006C9185 /* main.m */; };
		5BB670DD15D3714A006C9185 /* CalculatorAppDelegate.m in Sources */ = {isa = PBXBuildFile; fileRef = 5BB670DC15D3714A006C9185 /* CalculatorAppDelegate.m */; };
		5BB670E015D3714A006C9185 /* MainStoryboard.storyboard in Resources */ = {isa = PBXBuildFile; fileRef = 5BB670DE15D3714A006C9185 /* MainStoryboard.storyboard */; };
		5BB670E315D3714A006C9185 /* CalculatorViewController.m in Sources */ = {isa = PBXBuildFile; fileRef = 5BB670E215D3714A006C9185 /* CalculatorViewController.m */; };
/* End PBXBuildFile section */

/* Begin PBXFileReference section */
		5BB670C815D3714A006C9185 /* Calculator.app */ = {isa = PBXFileReference; explicitFileType = wrapper.application; includeInIndex = 0; path = Calculator.app; sourceTree = BUILT_PRODUCTS_DIR; };
		5BB670CC15D3714A006C9185 /* UIKit.framework */ = {isa = PBXFileReference; lastKnownFileType = wrapper.framework; name = UIKit.framework; path = System/Library/Frameworks/UIKit.framework; sourceTree = SDKROOT; };
		5BB670CE15D3714A006C9185 /* Foundation.framework */ = {isa = PBXFileReference; lastKnownFileType = wrapper.framework; name = Foundation.framework; path = System/Library/Frameworks/Foundation.framework; sourceTree = SDKROOT; };
		5BB670D015D3714A006C9185 /* CoreGraphics.framework */ = {isa = PBXFileReference; lastKnownFileType = wrapper.framework; name = CoreGraphics.framework; path = System/Library/Frameworks/CoreGraphics.framework; sourceTree = SDKROOT; };
		5BB670D415D3714A006C9185 /* Calculator-Info.plist */ = {isa = PBXFileReference; path = "Calculator-Info.plist"; sourceTree = "<group>"; };
		5BB670D615D3714A006C9185 /* en */ = {isa = PBXFileReference; lastKnownFileType = text.plist.strings; name = en; path = en.lproj/InfoPlist.strings; sourceTree = "<group>"; };
		5BB670D815D3714A006C9185 /* main.m */ = {isa = PBXFileReference; lastKnownFileType = sourcecode.c.objc; path = main.m; sourceTree = "<group>"; };
		5BB670DA15D3714A006C9185 /* Calculator-Prefix.pch */ = {isa = PBXFileReference; path = "Calculator-Prefix.pch"; sourceTree = "<group>"; };
		5BB670DB15D3714A006C9185 /* CalculatorAppDelegate.h */ = {isa = PBXFileReference; path = CalculatorAppDelegate.h; sourceTree = "<group>"; };
		5BB670DC15D3714A006C9185 /* CalculatorAppDelegate.m */ = {isa = PBXFileReference; lastKnownFileType = sourcecode.c.objc; path = CalculatorAppDelegate.m; sourceTree = "<group>"; };
		5BB670DF15D3714A006C9185 /* en */ = {isa = PBXFileReference; lastKnownFileType = file.storyboard; name = en; path = en.lproj/MainStoryboard.storyboard; sourceTree = "<group>"; };
		5BB670E115D3714A006C9185 /* CalculatorViewController.h */ = {isa = PBXFileReference; path = CalculatorViewController.h; sourceTree = "<group>"; };
		5BB670E215D3714A006C9185 /* CalculatorViewController.m */ = {isa = PBXFileReference; lastKnownFileType = sourcecode.c.objc; path = CalculatorViewController.m; sourceTree = "<group>"; };
/* End PBXFileReference section */

/* Begin PBXFrameworksBuildPhase section */
		5BB670C515D3714A006C9185 /* Frameworks */ = {
			isa = PBXFrameworksBuildPhase;
			buildActionMask = 2147483647;
			files = (
				5BB670CD15D3714A006C9185 /* UIKit.framework in Frameworks */,
				5BB670CF15D3714A006C9185 /* Foundation.framework in Frameworks */,
				5BB670D115D3714A006C9185 /* CoreGraphics.framework in Frameworks */,
			);
			runOnlyForDeploymentPostprocessing = 0;
		};
/* End PBXFrameworksBuildPhase section */

/* Begin PBXGroup section */
		5BB670BD15D3714A006C9185 = {
			isa = PBXGroup;
			children = (
				5BB670D215D3714A006C9185 /* Calculator */,
				5BB670CB15D3714A006C9185 /* Frameworks */,
				5BB670C915D3714A006C9185 /* Products */,
			);
			sourceTree = "<group>";
		};
		5BB670C915D3714A006C9185 /* Products */ = {
			isa = PBXGroup;
			children = (
				5BB670C815D3714A006C9185 /* Calculator.app */,
			);
			name = Products;
			sourceTree = "<group>";
		};
		5BB670CB15D3714A006C9185 /* Frameworks */ = {
			isa = PBXGroup;
			children = (
				5BB670CC15D3714A006C9185 /* UIKit.framework */,
				5BB670CE15D3714A006C9185 /* Foundation.framework */,
				5BB670D015D3714A006C9185 /* CoreGraphics.framework */,
			);
			name = Frameworks;
			sourceTree = "<group>";
		};
		5BB670D215D3714A006C9185 /* Calculator */ = {
			isa = PBXGroup;
			children = (
				5BB670DB15D3714A006C9185 /* CalculatorAppDelegate.h */,
				5BB670DC15D3714A006C9185 /* CalculatorAppDelegate.m */,
				5BB670DE15D3714A006C9185 /* MainStoryboard.storyboard */,
				5BB670E115D3714A006C9185 /* CalculatorViewController.h */,
				5BB670E215D3714A006C9185 /* CalculatorViewController.m */,
				5BB670D315D3714A006C9185 /* Supporting Files */,
			);
			path = Calculator;
			sourceTree = "<group>";
		};
		5BB670D315D3714A006C9185 /* Supporting Files */ = {
			isa = PBXGroup;
			children = (
				5BB670D415D3714A006C9185 /* Calculator-Info.plist */,
				5BB670D515D3714A006C9185 /* InfoPlist.strings */,
				5BB670D815D3714A006C9185 /* main.m */,
				5BB670DA15D3714A006C9185 /* Calculator-Prefix.pch */,
			);
			name = "Supporting Files";
			sourceTree = "<group>";
		};
/* End PBXGroup section */

/* Begin PBXNativeTarget section */
		5BB670C715D3714A006C9185 /* Calculator */ = {
			isa = PBXNativeTarget;
			buildConfigurationList = 5BB670E615D3714A006C9185 /* Build configuration list for PBXNativeTarget "Calculator" */;
			buildPhases = (
				5BB670C415D3714A006C9185 /* Sources */,
				5BB670C515D3714A006C9185 /* Frameworks */,
				5BB670C615D3714A006C9185 /* Resources */,
			);
			buildRules = (
			);
			dependencies = (
			);
			name = Calculator;
			productName = Calculator;
			productReference = 5BB670C815D3714A006C9185 /* Calculator.app */;
			productType = "com.apple.product-type.application";
		};
/* End PBXNativeTarget section */

/* Begin PBXProject section */
		5BB670BF15D3714A006C9185 /* Project object */ = {
			isa = PBXProject;
			attributes = {
				CLASSPREFIX = Calculator;
				LastUpgradeCheck = 0430;
				ORGANIZATIONNAME = "xidian university";
			};
			buildConfigurationList = 5BB670C215D3714A006C9185 /* Build configuration list for PBXProject "Calculator" */;
			compatibilityVersion = "Xcode 3.2";
			developmentRegion = English;
			hasScannedForEncodings = 0;
			knownRegions = (
				en,
			);
			mainGroup = 5BB670BD15D3714A006C9185;
			productRefGroup = 5BB670C915D3714A006C9185 /* Products */;
			projectDirPath = "";
			projectRoot = "";
			targets = (
				5BB670C715D3714A006C9185 /* Calculator */,
			);
		};
/* End PBXProject section */

/* Begin PBXResourcesBuildPhase section */
		5BB670C615D3714A006C9185 /* Resources */ = {
			isa = PBXResourcesBuildPhase;
			buildActionMask = 2147483647;
			files = (
				5BB670D715D3714A006C9185 /* InfoPlist.strings in Resources */,
				5BB670E015D3714A006C9185 /* MainStoryboard.storyboard in Resources */,
			);
			runOnlyForDeploymentPostprocessing = 0;
		};
/* End PBXResourcesBuildPhase section */

/* Begin PBXSourcesBuildPhase section */
		5BB670C415D3714A006C9185 /* Sources */ = {
			isa = PBXSourcesBuildPhase;
			buildActionMask = 2147483647;
			files = (
				5BB670D915D3714A006C9185 /* main.m in Sources */,
				5BB670DD15D3714A006C9185 /* CalculatorAppDelegate.m in Sources */,
				5BB670E315D3714A006C9185 /* CalculatorViewController.m in Sources */,
			);
			runOnlyForDeploymentPostprocessing = 0;
		};
/* End PBXSourcesBuildPhase section */

/* Begin PBXVariantGroup section */
		5BB670D515D3714A006C9185 /* InfoPlist.strings */ = {
			isa = PBXVariantGroup;
			children = (
				5BB670D615D3714A006C9185 /* en */,
			);
			name = InfoPlist.strings;
			sourceTree = "<group>";
		};
		5BB670DE15D3714A006C9185 /* MainStoryboard.storyboard */ = {
			isa = PBXVariantGroup;
			children = (
				5BB670DF15D3714A006C9185 /* en */,
			);
			name = MainStoryboard.storyboard;
			sourceTree = "<group>";
		};
/* End PBXVariantGroup section */

/* Begin XCBuildConfiguration section */
		5BB670E415D3714A006C9185 /* Debug */ = {
			isa = XCBuildConfiguration;
			buildSettings = {
				ALWAYS_SEARCH_USER_PATHS = NO;
				ARCHS = "$(ARCHS_STANDARD_32_BIT)";
				CLANG_ENABLE_OBJC_ARC = YES;
				"CODE_SIGN_IDENTITY[sdk=iphoneos*]" = "iPhone Developer";
				COPY_PHASE_STRIP = NO;
				GCC_C_LANGUAGE_STANDARD = gnu99;
				GCC_DYNAMIC_NO_PIC = NO;
				GCC_OPTIMIZATION_LEVEL = 0;
				GCC_PREPROCESSOR_DEFINITIONS = (
					"DEBUG=1",
					"$(inherited)",
				);
				GCC_SYMBOLS_PRIVATE_EXTERN = NO;
				GCC_VERSION = com.apple.compilers.llvm.clang.1_0;
				GCC_WARN_ABOUT_RETURN_TYPE = YES;
				GCC_WARN_UNINITIALIZED_AUTOS = YES;
				GCC_WARN_UNUSED_VARIABLE = YES;
				IPHONEOS_DEPLOYMENT_TARGET = 5.1;
				SDKROOT = iphoneos;
			};
			name = Debug;
		};
		5BB670E515D3714A006C9185 /* Release */ = {
			isa = XCBuildConfiguration;
			buildSettings = {
				ALWAYS_SEARCH_USER_PATHS = NO;
				ARCHS = "$(ARCHS_STANDARD_32_BIT)";
				CLANG_ENABLE_OBJC_ARC = YES;
				"CODE_SIGN_IDENTITY[sdk=iphoneos*]" = "iPhone Developer";
				COPY_PHASE_STRIP = YES;
				GCC_C_LANGUAGE_STANDARD = gnu99;
				GCC_VERSION = com.apple.compilers.llvm.clang.1_0;
				GCC_WARN_ABOUT_RETURN_TYPE = YES;
				GCC_WARN_UNINITIALIZED_AUTOS = YES;
				GCC_WARN_UNUSED_VARIABLE = YES;
				IPHONEOS_DEPLOYMENT_TARGET = 5.1;
				OTHER_CFLAGS = "-DNS_BLOCK_ASSERTIONS=1";
				SDKROOT = iphoneos;
				VALIDATE_PRODUCT = YES;
			};
			name = Release;
		};
		5BB670E715D3714A006C9185 /* Debug */ = {
			isa = XCBuildConfiguration;
			buildSettings = {
				GCC_PRECOMPILE_PREFIX_HEADER = YES;
				GCC_PREFIX_HEADER = "Calculator/Calculator-Prefix.pch";
				INFOPLIST_FILE = "Calculator/Calculator-Info.plist";
				PRODUCT_NAME = "$(TARGET_NAME)";
				WRAPPER_EXTENSION = app;
			};
			name = Debug;
		};
		5BB670E815D3714A006C9185 /* Release */ = {
			isa = XCBuildConfiguration;
			buildSettings = {
				GCC_PRECOMPILE_PREFIX_HEADER = YES;
				GCC_PREFIX_HEADER = "Calculator/Calculator-Prefix.pch";
				INFOPLIST_FILE = "Calculator/Calculator-Info.plist";
				PRODUCT_NAME = "$(TARGET_NAME)";
				WRAPPER_EXTENSION = app;
			};
			name = Release;
		};
/* End XCBuildConfiguration section */

/* Begin XCConfigurationList section */
		5BB670C215D3714A006C9185 /* Build configuration list for PBXProject "Calculator" */ = {
			isa = XCConfigurationList;
			buildConfigurations = (
				5BB670E415D3714A006C9185 /* Debug */,
				5BB670E515D3714A006C9185 /* Release */,
			);
			defaultConfigurationIsVisible = 0;
			defaultConfigurationName = Release;
		};
		5BB670E615D3714A006C9185 /* Build configuration list for PBXNativeTarget "Calculator" */ = {
			isa = XCConfigurationList;
			buildConfigurations = (
				5BB670E715D3714A006C9185 /* Debug */,
				5BB670E815D3714A006C9185 /* Release */,
			);
			defaultConfigurationIsVisible = 0;
		};
/* End XCConfigurationList section */
	};
	rootObject = 5BB670BF15D3714A006C9185 /* Project object */;
}
